Microsoft Visual Studio Solution File, Format Version 11.00
# Visual Studio 2008

Project("{297EE3AB-7BEB-D136-58B0-5B80E4B7DF29}") = "ProjectSpaceship", "Assembly-CSharp-firstpass.csproj", "{08794BC0-B8DE-B200-B871-104E3D39A834}"
EndProject
Project("{297EE3AB-7BEB-D136-58B0-5B80E4B7DF29}") = "ProjectSpaceship", "Assembly-CSharp.csproj", "{1DAF6BFA-B1C6-F39A-112C-DF18CB2B2A35}"
EndProject
Project("{297EE3AB-7BEB-D136-58B0-5B80E4B7DF29}") = "ProjectSpaceship", "Assembly-CSharp-Editor.csproj", "{064FD01C-5AF9-9AD2-5ED0-CB4A8259540A}"
EndProject
Project("{297EE3AB-7BEB-D136-58B0-5B80E4B7DF29}") = "ProjectSpaceship", "Assembly-UnityScript-firstpass.unityproj", "{54D31970-51E7-A726-550C-C4C7790513A7}"
EndProject
Project("{297EE3AB-7BEB-D136-58B0-5B80E4B7DF29}") = "ProjectSpaceship", "Assembly-UnityScript.unityproj", "{93EB30B0-423E-2824-1841-1943F87F664B}"
EndProject
Project("{297EE3AB-7BEB-D136-58B0-5B80E4B7DF29}") = "ProjectSpaceship", "Assembly-UnityScript-Editor.unityproj", "{0557A5F7-3381-17D6-8CF9-07617BA2ACC9}"
EndProject
Global
	GlobalSection(SolutionConfigurationPlatforms) = preSolution
		Debug|Any CPU = Debug|Any CPU
		Release|Any CPU = Release|Any CPU
	EndGlobalSection
	GlobalSection(ProjectConfigurationPlatforms) = postSolution
		{08794BC0-B8DE-B200-B871-104E3D39A834}.Debug|Any CPU.ActiveCfg = Debug|Any CPU
		{08794BC0-B8DE-B200-B871-104E3D39A834}.Debug|Any CPU.Build.0 = Debug|Any CPU
		{08794BC0-B8DE-B200-B871-104E3D39A834}.Release|Any CPU.ActiveCfg = Release|Any CPU
		{08794BC0-B8DE-B200-B871-104E3D39A834}.Release|Any CPU.Build.0 = Release|Any CPU
		{1DAF6BFA-B1C6-F39A-112C-DF18CB2B2A35}.Debug|Any CPU.ActiveCfg = Debug|Any CPU
		{1DAF6BFA-B1C6-F39A-112C-DF18CB2B2A35}.Debug|Any CPU.Build.0 = Debug|Any CPU
		{1DAF6BFA-B1C6-F39A-112C-DF18CB2B2A35}.Release|Any CPU.ActiveCfg = Release|Any CPU
		{1DAF6BFA-B1C6-F39A-112C-DF18CB2B2A35}.Release|Any CPU.Build.0 = Release|Any CPU
		{064FD01C-5AF9-9AD2-5ED0-CB4A8259540A}.Debug|Any CPU.ActiveCfg = Debug|Any CPU
		{064FD01C-5AF9-9AD2-5ED0-CB4A8259540A}.Debug|Any CPU.Build.0 = Debug|Any CPU
		{064FD01C-5AF9-9AD2-5ED0-CB4A8259540A}.Release|Any CPU.ActiveCfg = Release|Any CPU
		{064FD01C-5AF9-9AD2-5ED0-CB4A8259540A}.Release|Any CPU.Build.0 = Release|Any CPU
		{54D31970-51E7-A726-550C-C4C7790513A7}.Debug|Any CPU.ActiveCfg = Debug|Any CPU
		{54D31970-51E7-A726-550C-C4C7790513A7}.Debug|Any CPU.Build.0 = Debug|Any CPU
		{54D31970-51E7-A726-550C-C4C7790513A7}.Release|Any CPU.ActiveCfg = Release|Any CPU
		{54D31970-51E7-A726-550C-C4C7790513A7}.Release|Any CPU.Build.0 = Release|Any CPU
		{93EB30B0-423E-2824-1841-1943F87F664B}.Debug|Any CPU.ActiveCfg = Debug|Any CPU
		{93EB30B0-423E-2824-1841-1943F87F664B}.Debug|Any CPU.Build.0 = Debug|Any CPU
		{93EB30B0-423E-2824-1841-1943F87F664B}.Release|Any CPU.ActiveCfg = Release|Any CPU
		{93EB30B0-423E-2824-1841-1943F87F664B}.Release|Any CPU.Build.0 = Release|Any CPU
		{0557A5F7-3381-17D6-8CF9-07617BA2ACC9}.Debug|Any CPU.ActiveCfg = Debug|Any CPU
		{0557A5F7-3381-17D6-8CF9-07617BA2ACC9}.Debug|Any CPU.Build.0 = Debug|Any CPU
		{0557A5F7-3381-17D6-8CF9-07617BA2ACC9}.Release|Any CPU.ActiveCfg = Release|Any CPU
		{0557A5F7-3381-17D6-8CF9-07617BA2ACC9}.Release|Any CPU.Build.0 = Release|Any CPU
	EndGlobalSection
	GlobalSection(SolutionProperties) = preSolution
		HideSolutionNode = FALSE
	EndGlobalSection
																																																																						GlobalSection(MonoDevelopProperties) = preSolution
		StartupItem = Assembly-CSharp.csproj
		Policies = $0
		$0.TextStylePolicy = $1
		$1.inheritsSet = null
		$1.scope = text/x-csharp
		$0.CSharpFormattingPolicy = $2
		$2.inheritsSet = Mono
		$2.inheritsScope = text/x-csharp
		$2.scope = text/x-csharp
		$0.TextStylePolicy = $3
		$3.FileWidth = 120
		$3.TabWidth = 4
		$3.EolMarker = Windows
		$3.inheritsSet = Mono
		$3.inheritsScope = text/plain
		$3.scope = text/plain
	EndGlobalSection

EndGlobal
